
Microsoft Visual Studio Solution File, Format Version 12.00
# Visual Studio Version 16
VisualStudioVersion = 16.0.30114.105
MinimumVisualStudioVersion = 10.0.40219.1
Project("{2150E333-8FDC-42A3-9474-1A3956D46DE8}") = "src", "src", "{48E00C11-6BD5-4160-8040-F43D97B388D0}"
EndProject
Project("{FAE04EC0-301F-11D3-BF4B-00C04F79EFBC}") = "Ploomes.Domain", "src\Ploomes.Domain\Ploomes.Domain.csproj", "{0923F06E-AF6A-4257-B079-20154FE577CD}"
EndProject
Project("{FAE04EC0-301F-11D3-BF4B-00C04F79EFBC}") = "Ploomes.API", "src\Ploomes.API\Ploomes.API.csproj", "{A4456CDF-721E-45C6-AAB7-6303DEAA7778}"
EndProject
Project("{FAE04EC0-301F-11D3-BF4B-00C04F79EFBC}") = "Ploomes.Infra", "src\Ploomes.Infra\Ploomes.Infra.csproj", "{07217539-A591-4DB4-81CA-7831CC3C7FDD}"
EndProject
Project("{FAE04EC0-301F-11D3-BF4B-00C04F79EFBC}") = "Ploomes.Services", "src\Ploomes.Services\Ploomes.Services.csproj", "{2AD3EEAE-3D72-4320-8DCD-11A11D35044A}"
EndProject
Project("{FAE04EC0-301F-11D3-BF4B-00C04F79EFBC}") = "Ploomes.Core", "src\Ploomes.Core\Ploomes.Core.csproj", "{57D74C06-7845-4962-B061-BD3199E864ED}"
EndProject
Global
	GlobalSection(SolutionConfigurationPlatforms) = preSolution
		Debug|Any CPU = Debug|Any CPU
		Debug|x64 = Debug|x64
		Debug|x86 = Debug|x86
		Release|Any CPU = Release|Any CPU
		Release|x64 = Release|x64
		Release|x86 = Release|x86
	EndGlobalSection
	GlobalSection(SolutionProperties) = preSolution
		HideSolutionNode = FALSE
	EndGlobalSection
	GlobalSection(ProjectConfigurationPlatforms) = postSolution
		{0923F06E-AF6A-4257-B079-20154FE577CD}.Debug|Any CPU.ActiveCfg = Debug|Any CPU
		{0923F06E-AF6A-4257-B079-20154FE577CD}.Debug|Any CPU.Build.0 = Debug|Any CPU
		{0923F06E-AF6A-4257-B079-20154FE577CD}.Debug|x64.ActiveCfg = Debug|Any CPU
		{0923F06E-AF6A-4257-B079-20154FE577CD}.Debug|x64.Build.0 = Debug|Any CPU
		{0923F06E-AF6A-4257-B079-20154FE577CD}.Debug|x86.ActiveCfg = Debug|Any CPU
		{0923F06E-AF6A-4257-B079-20154FE577CD}.Debug|x86.Build.0 = Debug|Any CPU
		{0923F06E-AF6A-4257-B079-20154FE577CD}.Release|Any CPU.ActiveCfg = Release|Any CPU
		{0923F06E-AF6A-4257-B079-20154FE577CD}.Release|Any CPU.Build.0 = Release|Any CPU
		{0923F06E-AF6A-4257-B079-20154FE577CD}.Release|x64.ActiveCfg = Release|Any CPU
		{0923F06E-AF6A-4257-B079-20154FE577CD}.Release|x64.Build.0 = Release|Any CPU
		{0923F06E-AF6A-4257-B079-20154FE577CD}.Release|x86.ActiveCfg = Release|Any CPU
		{0923F06E-AF6A-4257-B079-20154FE577CD}.Release|x86.Build.0 = Release|Any CPU
		{A4456CDF-721E-45C6-AAB7-6303DEAA7778}.Debug|Any CPU.ActiveCfg = Debug|Any CPU
		{A4456CDF-721E-45C6-AAB7-6303DEAA7778}.Debug|Any CPU.Build.0 = Debug|Any CPU
		{A4456CDF-721E-45C6-AAB7-6303DEAA7778}.Debug|x64.ActiveCfg = Debug|Any CPU
		{A4456CDF-721E-45C6-AAB7-6303DEAA7778}.Debug|x64.Build.0 = Debug|Any CPU
		{A4456CDF-721E-45C6-AAB7-6303DEAA7778}.Debug|x86.ActiveCfg = Debug|Any CPU
		{A4456CDF-721E-45C6-AAB7-6303DEAA7778}.Debug|x86.Build.0 = Debug|Any CPU
		{A4456CDF-721E-45C6-AAB7-6303DEAA7778}.Release|Any CPU.ActiveCfg = Release|Any CPU
		{A4456CDF-721E-45C6-AAB7-6303DEAA7778}.Release|Any CPU.Build.0 = Release|Any CPU
		{A4456CDF-721E-45C6-AAB7-6303DEAA7778}.Release|x64.ActiveCfg = Release|Any CPU
		{A4456CDF-721E-45C6-AAB7-6303DEAA7778}.Release|x64.Build.0 = Release|Any CPU
		{A4456CDF-721E-45C6-AAB7-6303DEAA7778}.Release|x86.ActiveCfg = Release|Any CPU
		{A4456CDF-721E-45C6-AAB7-6303DEAA7778}.Release|x86.Build.0 = Release|Any CPU
		{07217539-A591-4DB4-81CA-7831CC3C7FDD}.Debug|Any CPU.ActiveCfg = Debug|Any CPU
		{07217539-A591-4DB4-81CA-7831CC3C7FDD}.Debug|Any CPU.Build.0 = Debug|Any CPU
		{07217539-A591-4DB4-81CA-7831CC3C7FDD}.Debug|x64.ActiveCfg = Debug|Any CPU
		{07217539-A591-4DB4-81CA-7831CC3C7FDD}.Debug|x64.Build.0 = Debug|Any CPU
		{07217539-A591-4DB4-81CA-7831CC3C7FDD}.Debug|x86.ActiveCfg = Debug|Any CPU
		{07217539-A591-4DB4-81CA-7831CC3C7FDD}.Debug|x86.Build.0 = Debug|Any CPU
		{07217539-A591-4DB4-81CA-7831CC3C7FDD}.Release|Any CPU.ActiveCfg = Release|Any CPU
		{07217539-A591-4DB4-81CA-7831CC3C7FDD}.Release|Any CPU.Build.0 = Release|Any CPU
		{07217539-A591-4DB4-81CA-7831CC3C7FDD}.Release|x64.ActiveCfg = Release|Any CPU
		{07217539-A591-4DB4-81CA-7831CC3C7FDD}.Release|x64.Build.0 = Release|Any CPU
		{07217539-A591-4DB4-81CA-7831CC3C7FDD}.Release|x86.ActiveCfg = Release|Any CPU
		{07217539-A591-4DB4-81CA-7831CC3C7FDD}.Release|x86.Build.0 = Release|Any CPU
		{2AD3EEAE-3D72-4320-8DCD-11A11D35044A}.Debug|Any CPU.ActiveCfg = Debug|Any CPU
		{2AD3EEAE-3D72-4320-8DCD-11A11D35044A}.Debug|Any CPU.Build.0 = Debug|Any CPU
		{2AD3EEAE-3D72-4320-8DCD-11A11D35044A}.Debug|x64.ActiveCfg = Debug|Any CPU
		{2AD3EEAE-3D72-4320-8DCD-11A11D35044A}.Debug|x64.Build.0 = Debug|Any CPU
		{2AD3EEAE-3D72-4320-8DCD-11A11D35044A}.Debug|x86.ActiveCfg = Debug|Any CPU
		{2AD3EEAE-3D72-4320-8DCD-11A11D35044A}.Debug|x86.Build.0 = Debug|Any CPU
		{2AD3EEAE-3D72-4320-8DCD-11A11D35044A}.Release|Any CPU.ActiveCfg = Release|Any CPU
		{2AD3EEAE-3D72-4320-8DCD-11A11D35044A}.Release|Any CPU.Build.0 = Release|Any CPU
		{2AD3EEAE-3D72-4320-8DCD-11A11D35044A}.Release|x64.ActiveCfg = Release|Any CPU
		{2AD3EEAE-3D72-4320-8DCD-11A11D35044A}.Release|x64.Build.0 = Release|Any CPU
		{2AD3EEAE-3D72-4320-8DCD-11A11D35044A}.Release|x86.ActiveCfg = Release|Any CPU
		{2AD3EEAE-3D72-4320-8DCD-11A11D35044A}.Release|x86.Build.0 = Release|Any CPU
		{57D74C06-7845-4962-B061-BD3199E864ED}.Debug|Any CPU.ActiveCfg = Debug|Any CPU
		{57D74C06-7845-4962-B061-BD3199E864ED}.Debug|Any CPU.Build.0 = Debug|Any CPU
		{57D74C06-7845-4962-B061-BD3199E864ED}.Debug|x64.ActiveCfg = Debug|Any CPU
		{57D74C06-7845-4962-B061-BD3199E864ED}.Debug|x64.Build.0 = Debug|Any CPU
		{57D74C06-7845-4962-B061-BD3199E864ED}.Debug|x86.ActiveCfg = Debug|Any CPU
		{57D74C06-7845-4962-B061-BD3199E864ED}.Debug|x86.Build.0 = Debug|Any CPU
		{57D74C06-7845-4962-B061-BD3199E864ED}.Release|Any CPU.ActiveCfg = Release|Any CPU
		{57D74C06-7845-4962-B061-BD3199E864ED}.Release|Any CPU.Build.0 = Release|Any CPU
		{57D74C06-7845-4962-B061-BD3199E864ED}.Release|x64.ActiveCfg = Release|Any CPU
		{57D74C06-7845-4962-B061-BD3199E864ED}.Release|x64.Build.0 = Release|Any CPU
		{57D74C06-7845-4962-B061-BD3199E864ED}.Release|x86.ActiveCfg = Release|Any CPU
		{57D74C06-7845-4962-B061-BD3199E864ED}.Release|x86.Build.0 = Release|Any CPU
	EndGlobalSection
	GlobalSection(NestedProjects) = preSolution
		{0923F06E-AF6A-4257-B079-20154FE577CD} = {48E00C11-6BD5-4160-8040-F43D97B388D0}
		{A4456CDF-721E-45C6-AAB7-6303DEAA7778} = {48E00C11-6BD5-4160-8040-F43D97B388D0}
		{07217539-A591-4DB4-81CA-7831CC3C7FDD} = {48E00C11-6BD5-4160-8040-F43D97B388D0}
		{2AD3EEAE-3D72-4320-8DCD-11A11D35044A} = {48E00C11-6BD5-4160-8040-F43D97B388D0}
		{57D74C06-7845-4962-B061-BD3199E864ED} = {48E00C11-6BD5-4160-8040-F43D97B388D0}
	EndGlobalSection
EndGlobal
